// !$*UTF8*$!
{
	archiveVersion = 1;
	classes = {
	};
	objectVersion = 48;
	objects = {

/* Begin PBXBuildFile section */
		040433F02003A72F00E78BA7 /* AppDelegate.swift in Sources */ = {isa = PBXBuildFile; fileRef = 040433EF2003A72F00E78BA7 /* AppDelegate.swift */; };
		040433F22003A72F00E78BA7 /* ViewController.swift in Sources */ = {isa = PBXBuildFile; fileRef = 040433F12003A72F00E78BA7 /* ViewController.swift */; };
		040433F52003A72F00E78BA7 /* Main.storyboard in Resources */ = {isa = PBXBuildFile; fileRef = 040433F32003A72F00E78BA7 /* Main.storyboard */; };
		040433F72003A72F00E78BA7 /* Assets.xcassets in Resources */ = {isa = PBXBuildFile; fileRef = 040433F62003A72F00E78BA7 /* Assets.xcassets */; };
		040433FA2003A72F00E78BA7 /* LaunchScreen.storyboard in Resources */ = {isa = PBXBuildFile; fileRef = 040433F82003A72F00E78BA7 /* LaunchScreen.storyboard */; };
		040434042003B61000E78BA7 /* Nunito-Regular.ttf in Resources */ = {isa = PBXBuildFile; fileRef = 040434032003B61000E78BA7 /* Nunito-Regular.ttf */; };
		0404340A2004EDC700E78BA7 /* Creation.swift in Sources */ = {isa = PBXBuildFile; fileRef = 040434092004EDC700E78BA7 /* Creation.swift */; };
		0404340C2004EDD600E78BA7 /* ColorSwatch.swift in Sources */ = {isa = PBXBuildFile; fileRef = 0404340B2004EDD600E78BA7 /* ColorSwatch.swift */; };
/* End PBXBuildFile section */

/* Begin PBXFileReference section */
		040433EC2003A72F00E78BA7 /* FrameIT.app */ = {isa = PBXFileReference; explicitFileType = wrapper.application; includeInIndex = 0; path = FrameIT.app; sourceTree = BUILT_PRODUCTS_DIR; };
		040433EF2003A72F00E78BA7 /* AppDelegate.swift */ = {isa = PBXFileReference; lastKnownFileType = sourcecode.swift; path = AppDelegate.swift; sourceTree = "<group>"; };
		040433F12003A72F00E78BA7 /* ViewController.swift */ = {isa = PBXFileReference; lastKnownFileType = sourcecode.swift; path = ViewController.swift; sourceTree = "<group>"; };
		040433F42003A72F00E78BA7 /* Base */ = {isa = PBXFileReference; lastKnownFileType = file.storyboard; name = Base; path = Base.lproj/Main.storyboard; sourceTree = "<group>"; };
		040433F62003A72F00E78BA7 /* Assets.xcassets */ = {isa = PBXFileReference; lastKnownFileType = folder.assetcatalog; path = Assets.xcassets; sourceTree = "<group>"; };
		040433F92003A72F00E78BA7 /* Base */ = {isa = PBXFileReference; lastKnownFileType = file.storyboard; name = Base; path = Base.lproj/LaunchScreen.storyboard; sourceTree = "<group>"; };
		040433FB2003A72F00E78BA7 /* Info.plist */ = {isa = PBXFileReference; lastKnownFileType = text.plist.xml; path = Info.plist; sourceTree = "<group>"; };
		040434032003B61000E78BA7 /* Nunito-Regular.ttf */ = {isa = PBXFileReference; lastKnownFileType = file; path = "Nunito-Regular.ttf"; sourceTree = "<group>"; };
		040434092004EDC700E78BA7 /* Creation.swift */ = {isa = PBXFileReference; lastKnownFileType = sourcecode.swift; path = Creation.swift; sourceTree = "<group>"; };
		0404340B2004EDD600E78BA7 /* ColorSwatch.swift */ = {isa = PBXFileReference; lastKnownFileType = sourcecode.swift; path = ColorSwatch.swift; sourceTree = "<group>"; };
/* End PBXFileReference section */

/* Begin PBXFrameworksBuildPhase section */
		040433E92003A72F00E78BA7 /* Frameworks */ = {
			isa = PBXFrameworksBuildPhase;
			buildActionMask = 2147483647;
			files = (
			);
			runOnlyForDeploymentPostprocessing = 0;
		};
/* End PBXFrameworksBuildPhase section */

/* Begin PBXGroup section */
		040433E32003A72F00E78BA7 = {
			isa = PBXGroup;
			children = (
				040433EE2003A72F00E78BA7 /* FrameIT */,
				040433ED2003A72F00E78BA7 /* Products */,
			);
			sourceTree = "<group>";
		};
		040433ED2003A72F00E78BA7 /* Products */ = {
			isa = PBXGroup;
			children = (
				040433EC2003A72F00E78BA7 /* FrameIT.app */,
			);
			name = Products;
			sourceTree = "<group>";
		};
		040433EE2003A72F00E78BA7 /* FrameIT */ = {
			isa = PBXGroup;
			children = (
				040434052003C2C200E78BA7 /* Model */,
				040434062003C2F800E78BA7 /* View */,
				040434072003C32000E78BA7 /* Controller */,
				040434082003C38800E78BA7 /* Supporting Files */,
			);
			path = FrameIT;
			sourceTree = "<group>";
		};
		040434052003C2C200E78BA7 /* Model */ = {
			isa = PBXGroup;
			children = (
				040434092004EDC700E78BA7 /* Creation.swift */,
				0404340B2004EDD600E78BA7 /* ColorSwatch.swift */,
			);
			path = Model;
			sourceTree = "<group>";
		};
		040434062003C2F800E78BA7 /* View */ = {
			isa = PBXGroup;
			children = (
				040433F32003A72F00E78BA7 /* Main.storyboard */,
			);
			path = View;
			sourceTree = "<group>";
		};
		040434072003C32000E78BA7 /* Controller */ = {
			isa = PBXGroup;
			children = (
				040433F12003A72F00E78BA7 /* ViewController.swift */,
			);
			path = Controller;
			sourceTree = "<group>";
		};
		040434082003C38800E78BA7 /* Supporting Files */ = {
			isa = PBXGroup;
			children = (
				040434032003B61000E78BA7 /* Nunito-Regular.ttf */,
				040433EF2003A72F00E78BA7 /* AppDelegate.swift */,
				040433F62003A72F00E78BA7 /* Assets.xcassets */,
				040433F82003A72F00E78BA7 /* LaunchScreen.storyboard */,
				040433FB2003A72F00E78BA7 /* Info.plist */,
			);
			name = "Supporting Files";
			sourceTree = "<group>";
		};
/* End PBXGroup section */

/* Begin PBXNativeTarget section */
		040433EB2003A72F00E78BA7 /* FrameIT */ = {
			isa = PBXNativeTarget;
			buildConfigurationList = 040433FE2003A72F00E78BA7 /* Build configuration list for PBXNativeTarget "FrameIT" */;
			buildPhases = (
				040433E82003A72F00E78BA7 /* Sources */,
				040433E92003A72F00E78BA7 /* Frameworks */,
				040433EA2003A72F00E78BA7 /* Resources */,
			);
			buildRules = (
			);
			dependencies = (
			);
			name = FrameIT;
			productName = FrameIT;
			productReference = 040433EC2003A72F00E78BA7 /* FrameIT.app */;
			productType = "com.apple.product-type.application";
		};
/* End PBXNativeTarget section */

/* Begin PBXProject section */
		040433E42003A72F00E78BA7 /* Project object */ = {
			isa = PBXProject;
			attributes = {
				LastSwiftUpdateCheck = 0920;
				LastUpgradeCheck = 0920;
				ORGANIZATIONNAME = "Olga Volkova OC";
				TargetAttributes = {
					040433EB2003A72F00E78BA7 = {
						CreatedOnToolsVersion = 9.2;
						ProvisioningStyle = Automatic;
					};
				};
			};
			buildConfigurationList = 040433E72003A72F00E78BA7 /* Build configuration list for PBXProject "FrameIT" */;
			compatibilityVersion = "Xcode 8.0";
			developmentRegion = en;
			hasScannedForEncodings = 0;
			knownRegions = (
				en,
				Base,
			);
			mainGroup = 040433E32003A72F00E78BA7;
			productRefGroup = 040433ED2003A72F00E78BA7 /* Products */;
			projectDirPath = "";
			projectRoot = "";
			targets = (
				040433EB2003A72F00E78BA7 /* FrameIT */,
			);
		};
/* End PBXProject section */

/* Begin PBXResourcesBuildPhase section */
		040433EA2003A72F00E78BA7 /* Resources */ = {
			isa = PBXResourcesBuildPhase;
			buildActionMask = 2147483647;
			files = (
				040433FA2003A72F00E78BA7 /* LaunchScreen.storyboard in Resources */,
				040433F72003A72F00E78BA7 /* Assets.xcassets in Resources */,
				040434042003B61000E78BA7 /* Nunito-Regular.ttf in Resources */,
				040433F52003A72F00E78BA7 /* Main.storyboard in Resources */,
			);
			runOnlyForDeploymentPostprocessing = 0;
		};
/* End PBXResourcesBuildPhase section */

/* Begin PBXSourcesBuildPhase section */
		040433E82003A72F00E78BA7 /* Sources */ = {
			isa = PBXSourcesBuildPhase;
			buildActionMask = 2147483647;
			files = (
				0404340A2004EDC700E78BA7 /* Creation.swift in Sources */,
				0404340C2004EDD600E78BA7 /* ColorSwatch.swift in Sources */,
				040433F22003A72F00E78BA7 /* ViewController.swift in Sources */,
				040433F02003A72F00E78BA7 /* AppDelegate.swift in Sources */,
			);
			runOnlyForDeploymentPostprocessing = 0;
		};
/* End PBXSourcesBuildPhase section */

/* Begin PBXVariantGroup section */
		040433F32003A72F00E78BA7 /* Main.storyboard */ = {
			isa = PBXVariantGroup;
			children = (
				040433F42003A72F00E78BA7 /* Base */,
			);
			name = Main.storyboard;
			sourceTree = "<group>";
		};
		040433F82003A72F00E78BA7 /* LaunchScreen.storyboard */ = {
			isa = PBXVariantGroup;
			children = (
				040433F92003A72F00E78BA7 /* Base */,
			);
			name = LaunchScreen.storyboard;
			sourceTree = "<group>";
		};
/* End PBXVariantGroup section */

/* Begin XCBuildConfiguration section */
		040433FC2003A72F00E78BA7 /* Debug */ = {
			isa = XCBuildConfiguration;
			buildSettings = {
				ALWAYS_SEARCH_USER_PATHS = NO;
				CLANG_ANALYZER_NONNULL = YES;
				CLANG_ANALYZER_NUMBER_OBJECT_CONVERSION = YES_AGGRESSIVE;
				CLANG_CXX_LANGUAGE_STANDARD = "gnu++14";
				CLANG_CXX_LIBRARY = "libc++";
				CLANG_ENABLE_MODULES = YES;
				CLANG_ENABLE_OBJC_ARC = YES;
				CLANG_WARN_BLOCK_CAPTURE_AUTORELEASING = YES;
				CLANG_WARN_BOOL_CONVERSION = YES;
				CLANG_WARN_COMMA = YES;
				CLANG_WARN_CONSTANT_CONVERSION = YES;
				CLANG_WARN_DIRECT_OBJC_ISA_USAGE = YES_ERROR;
				CLANG_WARN_DOCUMENTATION_COMMENTS = YES;
				CLANG_WARN_EMPTY_BODY = YES;
				CLANG_WARN_ENUM_CONVERSION = YES;
				CLANG_WARN_INFINITE_RECURSION = YES;
				CLANG_WARN_INT_CONVERSION = YES;
				CLANG_WARN_NON_LITERAL_NULL_CONVERSION = YES;
				CLANG_WARN_OBJC_LITERAL_CONVERSION = YES;
				CLANG_WARN_OBJC_ROOT_CLASS = YES_ERROR;
				CLANG_WARN_RANGE_LOOP_ANALYSIS = YES;
				CLANG_WARN_STRICT_PROTOTYPES = YES;
				CLANG_WARN_SUSPICIOUS_MOVE = YES;
				CLANG_WARN_UNGUARDED_AVAILABILITY = YES_AGGRESSIVE;
				CLANG_WARN_UNREACHABLE_CODE = YES;
				CLANG_WARN__DUPLICATE_METHOD_MATCH = YES;
				CODE_SIGN_IDENTITY = "iPhone Developer";
				COPY_PHASE_STRIP = NO;
				DEBUG_INFORMATION_FORMAT = dwarf;
				ENABLE_STRICT_OBJC_MSGSEND = YES;
				ENABLE_TESTABILITY = YES;
				GCC_C_LANGUAGE_STANDARD = gnu11;
				GCC_DYNAMIC_NO_PIC = NO;
				GCC_NO_COMMON_BLOCKS = YES;
				GCC_OPTIMIZATION_LEVEL = 0;
				GCC_PREPROCESSOR_DEFINITIONS = (
					"DEBUG=1",
					"$(inherited)",
				);
				GCC_WARN_64_TO_32_BIT_CONVERSION = YES;
				GCC_WARN_ABOUT_RETURN_TYPE = YES_ERROR;
				GCC_WARN_UNDECLARED_SELECTOR = YES;
				GCC_WARN_UNINITIALIZED_AUTOS = YES_AGGRESSIVE;
				GCC_WARN_UNUSED_FUNCTION = YES;
				GCC_WARN_UNUSED_VARIABLE = YES;
				IPHONEOS_DEPLOYMENT_TARGET = 11.2;
				MTL_ENABLE_DEBUG_INFO = YES;
				ONLY_ACTIVE_ARCH = YES;
				SDKROOT = iphoneos;
				SWIFT_ACTIVE_COMPILATION_CONDITIONS = DEBUG;
				SWIFT_OPTIMIZATION_LEVEL = "-Onone";
			};
			name = Debug;
		};
		040433FD2003A72F00E78BA7 /* Release */ = {
			isa = XCBuildConfiguration;
			buildSettings = {
				ALWAYS_SEARCH_USER_PATHS = NO;
				CLANG_ANALYZER_NONNULL = YES;
				CLANG_ANALYZER_NUMBER_OBJECT_CONVERSION = YES_AGGRESSIVE;
				CLANG_CXX_LANGUAGE_STANDARD = "gnu++14";
				CLANG_CXX_LIBRARY = "libc++";
				CLANG_ENABLE_MODULES = YES;
				CLANG_ENABLE_OBJC_ARC = YES;
				CLANG_WARN_BLOCK_CAPTURE_AUTORELEASING = YES;
				CLANG_WARN_BOOL_CONVERSION = YES;
				CLANG_WARN_COMMA = YES;
				CLANG_WARN_CONSTANT_CONVERSION = YES;
				CLANG_WARN_DIRECT_OBJC_ISA_USAGE = YES_ERROR;
				CLANG_WARN_DOCUMENTATION_COMMENTS = YES;
				CLANG_WARN_EMPTY_BODY = YES;
				CLANG_WARN_ENUM_CONVERSION = YES;
				CLANG_WARN_INFINITE_RECURSION = YES;
				CLANG_WARN_INT_CONVERSION = YES;
				CLANG_WARN_NON_LITERAL_NULL_CONVERSION = YES;
				CLANG_WARN_OBJC_LITERAL_CONVERSION = YES;
				CLANG_WARN_OBJC_ROOT_CLASS = YES_ERROR;
				CLANG_WARN_RANGE_LOOP_ANALYSIS = YES;
				CLANG_WARN_STRICT_PROTOTYPES = YES;
				CLANG_WARN_SUSPICIOUS_MOVE = YES;
				CLANG_WARN_UNGUARDED_AVAILABILITY = YES_AGGRESSIVE;
				CLANG_WARN_UNREACHABLE_CODE = YES;
				CLANG_WARN__DUPLICATE_METHOD_MATCH = YES;
				CODE_SIGN_IDENTITY = "iPhone Developer";
				COPY_PHASE_STRIP = NO;
				DEBUG_INFORMATION_FORMAT = "dwarf-with-dsym";
				ENABLE_NS_ASSERTIONS = NO;
				ENABLE_STRICT_OBJC_MSGSEND = YES;
				GCC_C_LANGUAGE_STANDARD = gnu11;
				GCC_NO_COMMON_BLOCKS = YES;
				GCC_WARN_64_TO_32_BIT_CONVERSION = YES;
				GCC_WARN_ABOUT_RETURN_TYPE = YES_ERROR;
				GCC_WARN_UNDECLARED_SELECTOR = YES;
				GCC_WARN_UNINITIALIZED_AUTOS = YES_AGGRESSIVE;
				GCC_WARN_UNUSED_FUNCTION = YES;
				GCC_WARN_UNUSED_VARIABLE = YES;
				IPHONEOS_DEPLOYMENT_TARGET = 11.2;
				MTL_ENABLE_DEBUG_INFO = NO;
				SDKROOT = iphoneos;
				SWIFT_OPTIMIZATION_LEVEL = "-Owholemodule";
				VALIDATE_PRODUCT = YES;
			};
			name = Release;
		};
		040433FF2003A72F00E78BA7 /* Debug */ = {
			isa = XCBuildConfiguration;
			buildSettings = {
				ASSETCATALOG_COMPILER_APPICON_NAME = AppIcon;
				CODE_SIGN_STYLE = Automatic;
				INFOPLIST_FILE = FrameIT/Info.plist;
				LD_RUNPATH_SEARCH_PATHS = "$(inherited) @executable_path/Frameworks";
				PRODUCT_BUNDLE_IDENTIFIER = com.openclassrooms.FrameIT;
				PRODUCT_NAME = "$(TARGET_NAME)";
				SWIFT_VERSION = 4.0;
				TARGETED_DEVICE_FAMILY = "1,2";
			};
			name = Debug;
		};
		040434002003A72F00E78BA7 /* Release */ = {
			isa = XCBuildConfiguration;
			buildSettings = {
				ASSETCATALOG_COMPILER_APPICON_NAME = AppIcon;
				CODE_SIGN_STYLE = Automatic;
				INFOPLIST_FILE = FrameIT/Info.plist;
				LD_RUNPATH_SEARCH_PATHS = "$(inherited) @executable_path/Frameworks";
				PRODUCT_BUNDLE_IDENTIFIER = com.openclassrooms.FrameIT;
				PRODUCT_NAME = "$(TARGET_NAME)";
				SWIFT_VERSION = 4.0;
				TARGETED_DEVICE_FAMILY = "1,2";
			};
			name = Release;
		};
/* End XCBuildConfiguration section */

/* Begin XCConfigurationList section */
		040433E72003A72F00E78BA7 /* Build configuration list for PBXProject "FrameIT" */ = {
			isa = XCConfigurationList;
			buildConfigurations = (
				040433FC2003A72F00E78BA7 /* Debug */,
				040433FD2003A72F00E78BA7 /* Release */,
			);
			defaultConfigurationIsVisible = 0;
			defaultConfigurationName = Release;
		};
		040433FE2003A72F00E78BA7 /* Build configuration list for PBXNativeTarget "FrameIT" */ = {
			isa = XCConfigurationList;
			buildConfigurations = (
				040433FF2003A72F00E78BA7 /* Debug */,
				040434002003A72F00E78BA7 /* Release */,
			);
			defaultConfigurationIsVisible = 0;
			defaultConfigurationName = Release;
		};
/* End XCConfigurationList section */
	};
	rootObject = 040433E42003A72F00E78BA7 /* Project object */;
}
